
Microsoft Visual Studio Solution File, Format Version 12.00
# Visual Studio Version 16
VisualStudioVersion = 16.0.30523.141
MinimumVisualStudioVersion = 10.0.40219.1
Project("{9A19103F-16F7-4668-BE54-9A1E7A4F7556}") = "MVC", "MVC\MVC.csproj", "{668A178E-91EB-459B-B223-1620E25C0A68}"
EndProject
Project("{FAE04EC0-301F-11D3-BF4B-00C04F79EFBC}") = "MVC_Lib1", "MVC_Lib1\MVC_Lib1.csproj", "{A5AE0819-C45E-4228-9A7B-FD956366ADBB}"
EndProject
Global
	GlobalSection(SolutionConfigurationPlatforms) = preSolution
		Debug|Any CPU = Debug|Any CPU
		Release|Any CPU = Release|Any CPU
	EndGlobalSection
	GlobalSection(ProjectConfigurationPlatforms) = postSolution
		{668A178E-91EB-459B-B223-1620E25C0A68}.Debug|Any CPU.ActiveCfg = Debug|Any CPU
		{668A178E-91EB-459B-B223-1620E25C0A68}.Debug|Any CPU.Build.0 = Debug|Any CPU
		{668A178E-91EB-459B-B223-1620E25C0A68}.Release|Any CPU.ActiveCfg = Release|Any CPU
		{668A178E-91EB-459B-B223-1620E25C0A68}.Release|Any CPU.Build.0 = Release|Any CPU
		{A5AE0819-C45E-4228-9A7B-FD956366ADBB}.Debug|Any CPU.ActiveCfg = Debug|Any CPU
		{A5AE0819-C45E-4228-9A7B-FD956366ADBB}.Debug|Any CPU.Build.0 = Debug|Any CPU
		{A5AE0819-C45E-4228-9A7B-FD956366ADBB}.Release|Any CPU.ActiveCfg = Release|Any CPU
		{A5AE0819-C45E-4228-9A7B-FD956366ADBB}.Release|Any CPU.Build.0 = Release|Any CPU
	EndGlobalSection
	GlobalSection(SolutionProperties) = preSolution
		HideSolutionNode = FALSE
	EndGlobalSection
	GlobalSection(ExtensibilityGlobals) = postSolution
		SolutionGuid = {76F86DA6-4ED5-43A3-B141-AA67A8961626}
	EndGlobalSection
EndGlobal
